
Microsoft Visual Studio Solution File, Format Version 12.00
# Visual Studio Version 17
VisualStudioVersion = 17.5.002.0
MinimumVisualStudioVersion = 10.0.40219.1
Project("{9A19103F-16F7-4668-BE54-9A1E7A4F7556}") = "rolagemdedado", "rolagemdedado.csproj", "{0D445F0D-62EA-4D6D-AF34-F471DDF00676}"
EndProject
Global
	GlobalSection(SolutionConfigurationPlatforms) = preSolution
		Debug|Any CPU = Debug|Any CPU
		Release|Any CPU = Release|Any CPU
	EndGlobalSection
	GlobalSection(ProjectConfigurationPlatforms) = postSolution
		{0D445F0D-62EA-4D6D-AF34-F471DDF00676}.Debug|Any CPU.ActiveCfg = Debug|Any CPU
		{0D445F0D-62EA-4D6D-AF34-F471DDF00676}.Debug|Any CPU.Build.0 = Debug|Any CPU
		{0D445F0D-62EA-4D6D-AF34-F471DDF00676}.Release|Any CPU.ActiveCfg = Release|Any CPU
		{0D445F0D-62EA-4D6D-AF34-F471DDF00676}.Release|Any CPU.Build.0 = Release|Any CPU
	EndGlobalSection
	GlobalSection(SolutionProperties) = preSolution
		HideSolutionNode = FALSE
	EndGlobalSection
	GlobalSection(ExtensibilityGlobals) = postSolution
		SolutionGuid = {3F3C5D93-C1D3-4EA2-ADB9-91F3CC9D00F3}
	EndGlobalSection
EndGlobal
